// !$*UTF8*$!
{
	archiveVersion = 1;
	classes = {
	};
	objectVersion = 48;
	objects = {

/* Begin PBXBuildFile section */
		ACB5D2D8BAEE179B518A0A5E /* Pods_DiageoOnTrade.framework in Frameworks */ = {isa = PBXBuildFile; fileRef = E7FA0889BD9D8806273829CC /* Pods_DiageoOnTrade.framework */; };
		BDFEAF5E1F8B4007008EF209 /* AppDelegate.swift in Sources */ = {isa = PBXBuildFile; fileRef = BDFEAF5D1F8B4007008EF209 /* AppDelegate.swift */; };
		BDFEAF601F8B4007008EF209 /* ViewController.swift in Sources */ = {isa = PBXBuildFile; fileRef = BDFEAF5F1F8B4007008EF209 /* ViewController.swift */; };
		BDFEAF631F8B4008008EF209 /* Main.storyboard in Resources */ = {isa = PBXBuildFile; fileRef = BDFEAF611F8B4008008EF209 /* Main.storyboard */; };
		BDFEAF661F8B4008008EF209 /* DiageoOnTrade.xcdatamodeld in Sources */ = {isa = PBXBuildFile; fileRef = BDFEAF641F8B4008008EF209 /* DiageoOnTrade.xcdatamodeld */; };
		BDFEAF681F8B4008008EF209 /* Assets.xcassets in Resources */ = {isa = PBXBuildFile; fileRef = BDFEAF671F8B4008008EF209 /* Assets.xcassets */; };
		BDFEAF6B1F8B4008008EF209 /* LaunchScreen.storyboard in Resources */ = {isa = PBXBuildFile; fileRef = BDFEAF691F8B4008008EF209 /* LaunchScreen.storyboard */; };
		BDFEAF741F8B4C1E008EF209 /* sincronizador.swift in Sources */ = {isa = PBXBuildFile; fileRef = BDFEAF731F8B4C1E008EF209 /* sincronizador.swift */; };
		BDFEAF761F8B4F26008EF209 /* SQLSW4.swift in Sources */ = {isa = PBXBuildFile; fileRef = BDFEAF751F8B4F26008EF209 /* SQLSW4.swift */; };
		BDFEAF781F8B4F63008EF209 /* Extensiones.swift in Sources */ = {isa = PBXBuildFile; fileRef = BDFEAF771F8B4F63008EF209 /* Extensiones.swift */; };
		BDFEAF7B1F8B5057008EF209 /* libsqlite3.tbd in Frameworks */ = {isa = PBXBuildFile; fileRef = BDFEAF791F8B5057008EF209 /* libsqlite3.tbd */; };
		BDFEAF7C1F8B5057008EF209 /* libsqlite3.0.tbd in Frameworks */ = {isa = PBXBuildFile; fileRef = BDFEAF7A1F8B5057008EF209 /* libsqlite3.0.tbd */; };
		BDFEAF811F8B5158008EF209 /* SWRevealViewController.m in Sources */ = {isa = PBXBuildFile; fileRef = BDFEAF7F1F8B5157008EF209 /* SWRevealViewController.m */; };
		BDFEAF831F8B545F008EF209 /* InicioController.swift in Sources */ = {isa = PBXBuildFile; fileRef = BDFEAF821F8B545F008EF209 /* InicioController.swift */; };
		BDFEAF901F8B5AAF008EF209 /* Dosis-ExtraBold.ttf in Resources */ = {isa = PBXBuildFile; fileRef = BDFEAF891F8B5AAD008EF209 /* Dosis-ExtraBold.ttf */; };
		BDFEAF911F8B5AAF008EF209 /* Dosis-Medium.ttf in Resources */ = {isa = PBXBuildFile; fileRef = BDFEAF8A1F8B5AAE008EF209 /* Dosis-Medium.ttf */; };
		BDFEAF921F8B5AAF008EF209 /* Dosis-SemiBold.ttf in Resources */ = {isa = PBXBuildFile; fileRef = BDFEAF8B1F8B5AAE008EF209 /* Dosis-SemiBold.ttf */; };
		BDFEAF931F8B5AAF008EF209 /* Dosis-Regular.ttf in Resources */ = {isa = PBXBuildFile; fileRef = BDFEAF8C1F8B5AAE008EF209 /* Dosis-Regular.ttf */; };
		BDFEAF941F8B5AAF008EF209 /* Dosis-Light.ttf in Resources */ = {isa = PBXBuildFile; fileRef = BDFEAF8D1F8B5AAE008EF209 /* Dosis-Light.ttf */; };
		BDFEAF951F8B5AAF008EF209 /* Dosis-ExtraLight.ttf in Resources */ = {isa = PBXBuildFile; fileRef = BDFEAF8E1F8B5AAF008EF209 /* Dosis-ExtraLight.ttf */; };
		BDFEAF961F8B5AAF008EF209 /* Dosis-Bold.ttf in Resources */ = {isa = PBXBuildFile; fileRef = BDFEAF8F1F8B5AAF008EF209 /* Dosis-Bold.ttf */; };
		BDFEAF981F8B5CFC008EF209 /* MenuController.swift in Sources */ = {isa = PBXBuildFile; fileRef = BDFEAF971F8B5CFC008EF209 /* MenuController.swift */; };
		BDFEAF9A1F8BF6BC008EF209 /* CDCController.swift in Sources */ = {isa = PBXBuildFile; fileRef = BDFEAF991F8BF6BC008EF209 /* CDCController.swift */; };
		BDFEAFA81F8BFB59008EF209 /* VisibilidadListaController.swift in Sources */ = {isa = PBXBuildFile; fileRef = BDFEAF9B1F8BFB54008EF209 /* VisibilidadListaController.swift */; };
		BDFEAFA91F8BFB59008EF209 /* CambioContrasena.swift in Sources */ = {isa = PBXBuildFile; fileRef = BDFEAF9C1F8BFB55008EF209 /* CambioContrasena.swift */; };
		BDFEAFAA1F8BFB59008EF209 /* ModulosController.swift in Sources */ = {isa = PBXBuildFile; fileRef = BDFEAF9D1F8BFB55008EF209 /* ModulosController.swift */; };
		BDFEAFAB1F8BFB59008EF209 /* ReportesNoEnviadosController.swift in Sources */ = {isa = PBXBuildFile; fileRef = BDFEAF9E1F8BFB56008EF209 /* ReportesNoEnviadosController.swift */; };
		BDFEAFAC1F8BFB59008EF209 /* PromocionController.swift in Sources */ = {isa = PBXBuildFile; fileRef = BDFEAF9F1F8BFB56008EF209 /* PromocionController.swift */; };
		BDFEAFAD1F8BFB59008EF209 /* ReportesEnviadosController.swift in Sources */ = {isa = PBXBuildFile; fileRef = BDFEAFA01F8BFB56008EF209 /* ReportesEnviadosController.swift */; };
		BDFEAFAE1F8BFB59008EF209 /* Actualizarapp.swift in Sources */ = {isa = PBXBuildFile; fileRef = BDFEAFA11F8BFB56008EF209 /* Actualizarapp.swift */; };
		BDFEAFAF1F8BFB59008EF209 /* VisibilidadController.swift in Sources */ = {isa = PBXBuildFile; fileRef = BDFEAFA21F8BFB57008EF209 /* VisibilidadController.swift */; };
		BDFEAFB01F8BFB59008EF209 /* EncuestaController.swift in Sources */ = {isa = PBXBuildFile; fileRef = BDFEAFA31F8BFB58008EF209 /* EncuestaController.swift */; };
		BDFEAFB11F8BFB59008EF209 /* EncuestasRepeticiones.swift in Sources */ = {isa = PBXBuildFile; fileRef = BDFEAFA41F8BFB58008EF209 /* EncuestasRepeticiones.swift */; };
		BDFEAFB21F8BFB59008EF209 /* PromocionesController.swift in Sources */ = {isa = PBXBuildFile; fileRef = BDFEAFA51F8BFB58008EF209 /* PromocionesController.swift */; };
		BDFEAFB31F8BFB59008EF209 /* ListaEncuestas.swift in Sources */ = {isa = PBXBuildFile; fileRef = BDFEAFA61F8BFB59008EF209 /* ListaEncuestas.swift */; };
		BDFEAFB41F8BFB59008EF209 /* Constructor.swift in Sources */ = {isa = PBXBuildFile; fileRef = BDFEAFA71F8BFB59008EF209 /* Constructor.swift */; };
		BDFEAFB61F8C0042008EF209 /* ModuloController.swift in Sources */ = {isa = PBXBuildFile; fileRef = BDFEAFB51F8C0041008EF209 /* ModuloController.swift */; };
		BDFEBC501FA2778B009F371A /* OnTradeB.sqlite in Resources */ = {isa = PBXBuildFile; fileRef = BDFEBC4F1FA2778B009F371A /* OnTradeB.sqlite */; };
/* End PBXBuildFile section */

/* Begin PBXFileReference section */
		91561EE55C59439AE052A195 /* Pods-DiageoOnTrade.debug.xcconfig */ = {isa = PBXFileReference; includeInIndex = 1; lastKnownFileType = text.xcconfig; name = "Pods-DiageoOnTrade.debug.xcconfig"; path = "Pods/Target Support Files/Pods-DiageoOnTrade/Pods-DiageoOnTrade.debug.xcconfig"; sourceTree = "<group>"; };
		BDFEAF5A1F8B4007008EF209 /* DiageoOnTrade.app */ = {isa = PBXFileReference; explicitFileType = wrapper.application; includeInIndex = 0; path = DiageoOnTrade.app; sourceTree = BUILT_PRODUCTS_DIR; };
		BDFEAF5D1F8B4007008EF209 /* AppDelegate.swift */ = {isa = PBXFileReference; lastKnownFileType = sourcecode.swift; path = AppDelegate.swift; sourceTree = "<group>"; };
		BDFEAF5F1F8B4007008EF209 /* ViewController.swift */ = {isa = PBXFileReference; lastKnownFileType = sourcecode.swift; path = ViewController.swift; sourceTree = "<group>"; };
		BDFEAF621F8B4008008EF209 /* Base */ = {isa = PBXFileReference; lastKnownFileType = file.storyboard; name = Base; path = Base.lproj/Main.storyboard; sourceTree = "<group>"; };
		BDFEAF651F8B4008008EF209 /* DiageoOnTrade.xcdatamodel */ = {isa = PBXFileReference; lastKnownFileType = wrapper.xcdatamodel; path = DiageoOnTrade.xcdatamodel; sourceTree = "<group>"; };
		BDFEAF671F8B4008008EF209 /* Assets.xcassets */ = {isa = PBXFileReference; lastKnownFileType = folder.assetcatalog; path = Assets.xcassets; sourceTree = "<group>"; };
		BDFEAF6A1F8B4008008EF209 /* Base */ = {isa = PBXFileReference; lastKnownFileType = file.storyboard; name = Base; path = Base.lproj/LaunchScreen.storyboard; sourceTree = "<group>"; };
		BDFEAF6C1F8B4008008EF209 /* Info.plist */ = {isa = PBXFileReference; lastKnownFileType = text.plist.xml; path = Info.plist; sourceTree = "<group>"; };
		BDFEAF731F8B4C1E008EF209 /* sincronizador.swift */ = {isa = PBXFileReference; lastKnownFileType = sourcecode.swift; path = sincronizador.swift; sourceTree = "<group>"; };
		BDFEAF751F8B4F26008EF209 /* SQLSW4.swift */ = {isa = PBXFileReference; lastKnownFileType = sourcecode.swift; path = SQLSW4.swift; sourceTree = "<group>"; };
		BDFEAF771F8B4F63008EF209 /* Extensiones.swift */ = {isa = PBXFileReference; lastKnownFileType = sourcecode.swift; path = Extensiones.swift; sourceTree = "<group>"; };
		BDFEAF791F8B5057008EF209 /* libsqlite3.tbd */ = {isa = PBXFileReference; lastKnownFileType = "sourcecode.text-based-dylib-definition"; name = libsqlite3.tbd; path = usr/lib/libsqlite3.tbd; sourceTree = SDKROOT; };
		BDFEAF7A1F8B5057008EF209 /* libsqlite3.0.tbd */ = {isa = PBXFileReference; lastKnownFileType = "sourcecode.text-based-dylib-definition"; name = libsqlite3.0.tbd; path = usr/lib/libsqlite3.0.tbd; sourceTree = SDKROOT; };
		BDFEAF7E1F8B5156008EF209 /* DiageoOnTrade-Bridging-Header.h */ = {isa = PBXFileReference; lastKnownFileType = sourcecode.c.h; path = "DiageoOnTrade-Bridging-Header.h"; sourceTree = "<group>"; };
		BDFEAF7F1F8B5157008EF209 /* SWRevealViewController.m */ = {isa = PBXFileReference; fileEncoding = 4; lastKnownFileType = sourcecode.c.objc; path = SWRevealViewController.m; sourceTree = "<group>"; };
		BDFEAF801F8B5157008EF209 /* SWRevealViewController.h */ = {isa = PBXFileReference; fileEncoding = 4; lastKnownFileType = sourcecode.c.h; path = SWRevealViewController.h; sourceTree = "<group>"; };
		BDFEAF821F8B545F008EF209 /* InicioController.swift */ = {isa = PBXFileReference; lastKnownFileType = sourcecode.swift; path = InicioController.swift; sourceTree = "<group>"; };
		BDFEAF891F8B5AAD008EF209 /* Dosis-ExtraBold.ttf */ = {isa = PBXFileReference; lastKnownFileType = file; path = "Dosis-ExtraBold.ttf"; sourceTree = "<group>"; };
		BDFEAF8A1F8B5AAE008EF209 /* Dosis-Medium.ttf */ = {isa = PBXFileReference; lastKnownFileType = file; path = "Dosis-Medium.ttf"; sourceTree = "<group>"; };
		BDFEAF8B1F8B5AAE008EF209 /* Dosis-SemiBold.ttf */ = {isa = PBXFileReference; lastKnownFileType = file; path = "Dosis-SemiBold.ttf"; sourceTree = "<group>"; };
		BDFEAF8C1F8B5AAE008EF209 /* Dosis-Regular.ttf */ = {isa = PBXFileReference; lastKnownFileType = file; path = "Dosis-Regular.ttf"; sourceTree = "<group>"; };
		BDFEAF8D1F8B5AAE008EF209 /* Dosis-Light.ttf */ = {isa = PBXFileReference; lastKnownFileType = file; path = "Dosis-Light.ttf"; sourceTree = "<group>"; };
		BDFEAF8E1F8B5AAF008EF209 /* Dosis-ExtraLight.ttf */ = {isa = PBXFileReference; lastKnownFileType = file; path = "Dosis-ExtraLight.ttf"; sourceTree = "<group>"; };
		BDFEAF8F1F8B5AAF008EF209 /* Dosis-Bold.ttf */ = {isa = PBXFileReference; lastKnownFileType = file; path = "Dosis-Bold.ttf"; sourceTree = "<group>"; };
		BDFEAF971F8B5CFC008EF209 /* MenuController.swift */ = {isa = PBXFileReference; lastKnownFileType = sourcecode.swift; path = MenuController.swift; sourceTree = "<group>"; };
		BDFEAF991F8BF6BC008EF209 /* CDCController.swift */ = {isa = PBXFileReference; lastKnownFileType = sourcecode.swift; path = CDCController.swift; sourceTree = "<group>"; };
		BDFEAF9B1F8BFB54008EF209 /* VisibilidadListaController.swift */ = {isa = PBXFileReference; fileEncoding = 4; lastKnownFileType = sourcecode.swift; path = VisibilidadListaController.swift; sourceTree = "<group>"; };
		BDFEAF9C1F8BFB55008EF209 /* CambioContrasena.swift */ = {isa = PBXFileReference; fileEncoding = 4; lastKnownFileType = sourcecode.swift; path = CambioContrasena.swift; sourceTree = "<group>"; };
		BDFEAF9D1F8BFB55008EF209 /* ModulosController.swift */ = {isa = PBXFileReference; fileEncoding = 4; lastKnownFileType = sourcecode.swift; path = ModulosController.swift; sourceTree = "<group>"; };
		BDFEAF9E1F8BFB56008EF209 /* ReportesNoEnviadosController.swift */ = {isa = PBXFileReference; fileEncoding = 4; lastKnownFileType = sourcecode.swift; path = ReportesNoEnviadosController.swift; sourceTree = "<group>"; };
		BDFEAF9F1F8BFB56008EF209 /* PromocionController.swift */ = {isa = PBXFileReference; fileEncoding = 4; lastKnownFileType = sourcecode.swift; path = PromocionController.swift; sourceTree = "<group>"; };
		BDFEAFA01F8BFB56008EF209 /* ReportesEnviadosController.swift */ = {isa = PBXFileReference; fileEncoding = 4; lastKnownFileType = sourcecode.swift; path = ReportesEnviadosController.swift; sourceTree = "<group>"; };
		BDFEAFA11F8BFB56008EF209 /* Actualizarapp.swift */ = {isa = PBXFileReference; fileEncoding = 4; lastKnownFileType = sourcecode.swift; path = Actualizarapp.swift; sourceTree = "<group>"; };
		BDFEAFA21F8BFB57008EF209 /* VisibilidadController.swift */ = {isa = PBXFileReference; fileEncoding = 4; lastKnownFileType = sourcecode.swift; path = VisibilidadController.swift; sourceTree = "<group>"; };
		BDFEAFA31F8BFB58008EF209 /* EncuestaController.swift */ = {isa = PBXFileReference; fileEncoding = 4; lastKnownFileType = sourcecode.swift; path = EncuestaController.swift; sourceTree = "<group>"; };
		BDFEAFA41F8BFB58008EF209 /* EncuestasRepeticiones.swift */ = {isa = PBXFileReference; fileEncoding = 4; lastKnownFileType = sourcecode.swift; path = EncuestasRepeticiones.swift; sourceTree = "<group>"; };
		BDFEAFA51F8BFB58008EF209 /* PromocionesController.swift */ = {isa = PBXFileReference; fileEncoding = 4; lastKnownFileType = sourcecode.swift; path = PromocionesController.swift; sourceTree = "<group>"; };
		BDFEAFA61F8BFB59008EF209 /* ListaEncuestas.swift */ = {isa = PBXFileReference; fileEncoding = 4; lastKnownFileType = sourcecode.swift; path = ListaEncuestas.swift; sourceTree = "<group>"; };
		BDFEAFA71F8BFB59008EF209 /* Constructor.swift */ = {isa = PBXFileReference; fileEncoding = 4; lastKnownFileType = sourcecode.swift; path = Constructor.swift; sourceTree = "<group>"; };
		BDFEAFB51F8C0041008EF209 /* ModuloController.swift */ = {isa = PBXFileReference; lastKnownFileType = sourcecode.swift; path = ModuloController.swift; sourceTree = "<group>"; };
		BDFEBC4F1FA2778B009F371A /* OnTradeB.sqlite */ = {isa = PBXFileReference; lastKnownFileType = file; path = OnTradeB.sqlite; sourceTree = "<group>"; };
		E7FA0889BD9D8806273829CC /* Pods_DiageoOnTrade.framework */ = {isa = PBXFileReference; explicitFileType = wrapper.framework; includeInIndex = 0; path = Pods_DiageoOnTrade.framework; sourceTree = BUILT_PRODUCTS_DIR; };
		FB8DD93314C86A72A512F850 /* Pods-DiageoOnTrade.release.xcconfig */ = {isa = PBXFileReference; includeInIndex = 1; lastKnownFileType = text.xcconfig; name = "Pods-DiageoOnTrade.release.xcconfig"; path = "Pods/Target Support Files/Pods-DiageoOnTrade/Pods-DiageoOnTrade.release.xcconfig"; sourceTree = "<group>"; };
/* End PBXFileReference section */

/* Begin PBXFrameworksBuildPhase section */
		BDFEAF571F8B4007008EF209 /* Frameworks */ = {
			isa = PBXFrameworksBuildPhase;
			buildActionMask = 2147483647;
			files = (
				BDFEAF7B1F8B5057008EF209 /* libsqlite3.tbd in Frameworks */,
				BDFEAF7C1F8B5057008EF209 /* libsqlite3.0.tbd in Frameworks */,
				ACB5D2D8BAEE179B518A0A5E /* Pods_DiageoOnTrade.framework in Frameworks */,
			);
			runOnlyForDeploymentPostprocessing = 0;
		};
/* End PBXFrameworksBuildPhase section */

/* Begin PBXGroup section */
		BDFEAF511F8B4006008EF209 = {
			isa = PBXGroup;
			children = (
				BDFEAF5C1F8B4007008EF209 /* DiageoOnTrade */,
				BDFEAF5B1F8B4007008EF209 /* Products */,
				DEAAA8CDE2F0F8902B22ACC3 /* Pods */,
				EF359F999D61B923563C2B34 /* Frameworks */,
			);
			sourceTree = "<group>";
		};
		BDFEAF5B1F8B4007008EF209 /* Products */ = {
			isa = PBXGroup;
			children = (
				BDFEAF5A1F8B4007008EF209 /* DiageoOnTrade.app */,
			);
			name = Products;
			sourceTree = "<group>";
		};
		BDFEAF5C1F8B4007008EF209 /* DiageoOnTrade */ = {
			isa = PBXGroup;
			children = (
				BDFEAF841F8B5A28008EF209 /* Resources */,
				BDFEAF7D1F8B5117008EF209 /* Object-C */,
				BDFEAF721F8B4BEE008EF209 /* Mis Librerias */,
				BDFEAF5D1F8B4007008EF209 /* AppDelegate.swift */,
				BDFEAF5F1F8B4007008EF209 /* ViewController.swift */,
				BDFEAF821F8B545F008EF209 /* InicioController.swift */,
				BDFEAF971F8B5CFC008EF209 /* MenuController.swift */,
				BDFEAF991F8BF6BC008EF209 /* CDCController.swift */,
				BDFEAFA11F8BFB56008EF209 /* Actualizarapp.swift */,
				BDFEAF9C1F8BFB55008EF209 /* CambioContrasena.swift */,
				BDFEAFA71F8BFB59008EF209 /* Constructor.swift */,
				BDFEAFA31F8BFB58008EF209 /* EncuestaController.swift */,
				BDFEAFA41F8BFB58008EF209 /* EncuestasRepeticiones.swift */,
				BDFEAFA61F8BFB59008EF209 /* ListaEncuestas.swift */,
				BDFEAFB51F8C0041008EF209 /* ModuloController.swift */,
				BDFEAF9D1F8BFB55008EF209 /* ModulosController.swift */,
				BDFEAF9F1F8BFB56008EF209 /* PromocionController.swift */,
				BDFEAFA51F8BFB58008EF209 /* PromocionesController.swift */,
				BDFEAFA01F8BFB56008EF209 /* ReportesEnviadosController.swift */,
				BDFEAF9E1F8BFB56008EF209 /* ReportesNoEnviadosController.swift */,
				BDFEAFA21F8BFB57008EF209 /* VisibilidadController.swift */,
				BDFEAF9B1F8BFB54008EF209 /* VisibilidadListaController.swift */,
				BDFEAF611F8B4008008EF209 /* Main.storyboard */,
				BDFEAF671F8B4008008EF209 /* Assets.xcassets */,
				BDFEAF691F8B4008008EF209 /* LaunchScreen.storyboard */,
				BDFEAF6C1F8B4008008EF209 /* Info.plist */,
				BDFEAF641F8B4008008EF209 /* DiageoOnTrade.xcdatamodeld */,
			);
			path = DiageoOnTrade;
			sourceTree = "<group>";
		};
		BDFEAF721F8B4BEE008EF209 /* Mis Librerias */ = {
			isa = PBXGroup;
			children = (
				BDFEAF731F8B4C1E008EF209 /* sincronizador.swift */,
				BDFEAF751F8B4F26008EF209 /* SQLSW4.swift */,
				BDFEAF771F8B4F63008EF209 /* Extensiones.swift */,
			);
			path = "Mis Librerias";
			sourceTree = "<group>";
		};
		BDFEAF7D1F8B5117008EF209 /* Object-C */ = {
			isa = PBXGroup;
			children = (
				BDFEAF801F8B5157008EF209 /* SWRevealViewController.h */,
				BDFEAF7F1F8B5157008EF209 /* SWRevealViewController.m */,
				BDFEAF7E1F8B5156008EF209 /* DiageoOnTrade-Bridging-Header.h */,
			);
			path = "Object-C";
			sourceTree = "<group>";
		};
		BDFEAF841F8B5A28008EF209 /* Resources */ = {
			isa = PBXGroup;
			children = (
				BDFEAF881F8B5A8A008EF209 /* Fonts */,
				BDFEAF851F8B5A65008EF209 /* BD */,
			);
			name = Resources;
			path = "New Group";
			sourceTree = "<group>";
		};
		BDFEAF851F8B5A65008EF209 /* BD */ = {
			isa = PBXGroup;
			children = (
				BDFEBC4F1FA2778B009F371A /* OnTradeB.sqlite */,
			);
			path = BD;
			sourceTree = "<group>";
		};
		BDFEAF881F8B5A8A008EF209 /* Fonts */ = {
			isa = PBXGroup;
			children = (
				BDFEAF8F1F8B5AAF008EF209 /* Dosis-Bold.ttf */,
				BDFEAF891F8B5AAD008EF209 /* Dosis-ExtraBold.ttf */,
				BDFEAF8E1F8B5AAF008EF209 /* Dosis-ExtraLight.ttf */,
				BDFEAF8D1F8B5AAE008EF209 /* Dosis-Light.ttf */,
				BDFEAF8A1F8B5AAE008EF209 /* Dosis-Medium.ttf */,
				BDFEAF8C1F8B5AAE008EF209 /* Dosis-Regular.ttf */,
				BDFEAF8B1F8B5AAE008EF209 /* Dosis-SemiBold.ttf */,
			);
			path = Fonts;
			sourceTree = "<group>";
		};
		DEAAA8CDE2F0F8902B22ACC3 /* Pods */ = {
			isa = PBXGroup;
			children = (
				91561EE55C59439AE052A195 /* Pods-DiageoOnTrade.debug.xcconfig */,
				FB8DD93314C86A72A512F850 /* Pods-DiageoOnTrade.release.xcconfig */,
			);
			name = Pods;
			sourceTree = "<group>";
		};
		EF359F999D61B923563C2B34 /* Frameworks */ = {
			isa = PBXGroup;
			children = (
				BDFEAF7A1F8B5057008EF209 /* libsqlite3.0.tbd */,
				BDFEAF791F8B5057008EF209 /* libsqlite3.tbd */,
				E7FA0889BD9D8806273829CC /* Pods_DiageoOnTrade.framework */,
			);
			name = Frameworks;
			sourceTree = "<group>";
		};
/* End PBXGroup section */

/* Begin PBXNativeTarget section */
		BDFEAF591F8B4007008EF209 /* DiageoOnTrade */ = {
			isa = PBXNativeTarget;
			buildConfigurationList = BDFEAF6F1F8B4008008EF209 /* Build configuration list for PBXNativeTarget "DiageoOnTrade" */;
			buildPhases = (
				B016558C55AA169853DCB8F7 /* [CP] Check Pods Manifest.lock */,
				BDFEAF561F8B4007008EF209 /* Sources */,
				BDFEAF571F8B4007008EF209 /* Frameworks */,
				BDFEAF581F8B4007008EF209 /* Resources */,
				4041DFFA0B412F75F5963630 /* [CP] Embed Pods Frameworks */,
				B89A49E5D8478B400F678A55 /* [CP] Copy Pods Resources */,
			);
			buildRules = (
			);
			dependencies = (
			);
			name = DiageoOnTrade;
			productName = DiageoOnTrade;
			productReference = BDFEAF5A1F8B4007008EF209 /* DiageoOnTrade.app */;
			productType = "com.apple.product-type.application";
		};
/* End PBXNativeTarget section */

/* Begin PBXProject section */
		BDFEAF521F8B4006008EF209 /* Project object */ = {
			isa = PBXProject;
			attributes = {
				LastSwiftUpdateCheck = 0900;
				LastUpgradeCheck = 0900;
				ORGANIZATIONNAME = "Go Sharp";
				TargetAttributes = {
					BDFEAF591F8B4007008EF209 = {
						CreatedOnToolsVersion = 9.0;
						LastSwiftMigration = 0900;
						ProvisioningStyle = Automatic;
					};
				};
			};
			buildConfigurationList = BDFEAF551F8B4006008EF209 /* Build configuration list for PBXProject "DiageoOnTrade" */;
			compatibilityVersion = "Xcode 8.0";
			developmentRegion = en;
			hasScannedForEncodings = 0;
			knownRegions = (
				en,
				Base,
			);
			mainGroup = BDFEAF511F8B4006008EF209;
			productRefGroup = BDFEAF5B1F8B4007008EF209 /* Products */;
			projectDirPath = "";
			projectRoot = "";
			targets = (
				BDFEAF591F8B4007008EF209 /* DiageoOnTrade */,
			);
		};
/* End PBXProject section */

/* Begin PBXResourcesBuildPhase section */
		BDFEAF581F8B4007008EF209 /* Resources */ = {
			isa = PBXResourcesBuildPhase;
			buildActionMask = 2147483647;
			files = (
				BDFEAF6B1F8B4008008EF209 /* LaunchScreen.storyboard in Resources */,
				BDFEAF941F8B5AAF008EF209 /* Dosis-Light.ttf in Resources */,
				BDFEBC501FA2778B009F371A /* OnTradeB.sqlite in Resources */,
				BDFEAF681F8B4008008EF209 /* Assets.xcassets in Resources */,
				BDFEAF961F8B5AAF008EF209 /* Dosis-Bold.ttf in Resources */,
				BDFEAF911F8B5AAF008EF209 /* Dosis-Medium.ttf in Resources */,
				BDFEAF951F8B5AAF008EF209 /* Dosis-ExtraLight.ttf in Resources */,
				BDFEAF901F8B5AAF008EF209 /* Dosis-ExtraBold.ttf in Resources */,
				BDFEAF921F8B5AAF008EF209 /* Dosis-SemiBold.ttf in Resources */,
				BDFEAF931F8B5AAF008EF209 /* Dosis-Regular.ttf in Resources */,
				BDFEAF631F8B4008008EF209 /* Main.storyboard in Resources */,
			);
			runOnlyForDeploymentPostprocessing = 0;
		};
/* End PBXResourcesBuildPhase section */

/* Begin PBXShellScriptBuildPhase section */
		4041DFFA0B412F75F5963630 /* [CP] Embed Pods Frameworks */ = {
			isa = PBXShellScriptBuildPhase;
			buildActionMask = 2147483647;
			files = (
			);
			inputPaths = (
				"${SRCROOT}/Pods/Target Support Files/Pods-DiageoOnTrade/Pods-DiageoOnTrade-frameworks.sh",
				"${BUILT_PRODUCTS_DIR}/Alamofire/Alamofire.framework",
				"${BUILT_PRODUCTS_DIR}/CryptoSwift/CryptoSwift.framework",
				"${BUILT_PRODUCTS_DIR}/NVActivityIndicatorView/NVActivityIndicatorView.framework",
				"${BUILT_PRODUCTS_DIR}/Zip/Zip.framework",
			);
			name = "[CP] Embed Pods Frameworks";
			outputPaths = (
				"${TARGET_BUILD_DIR}/${FRAMEWORKS_FOLDER_PATH}/Alamofire.framework",
				"${TARGET_BUILD_DIR}/${FRAMEWORKS_FOLDER_PATH}/CryptoSwift.framework",
				"${TARGET_BUILD_DIR}/${FRAMEWORKS_FOLDER_PATH}/NVActivityIndicatorView.framework",
				"${TARGET_BUILD_DIR}/${FRAMEWORKS_FOLDER_PATH}/Zip.framework",
			);
			runOnlyForDeploymentPostprocessing = 0;
			shellPath = /bin/sh;
			shellScript = "\"${SRCROOT}/Pods/Target Support Files/Pods-DiageoOnTrade/Pods-DiageoOnTrade-frameworks.sh\"\n";
			showEnvVarsInLog = 0;
		};
		B016558C55AA169853DCB8F7 /* [CP] Check Pods Manifest.lock */ = {
			isa = PBXShellScriptBuildPhase;
			buildActionMask = 2147483647;
			files = (
			);
			inputPaths = (
				"${PODS_PODFILE_DIR_PATH}/Podfile.lock",
				"${PODS_ROOT}/Manifest.lock",
			);
			name = "[CP] Check Pods Manifest.lock";
			outputPaths = (
				"$(DERIVED_FILE_DIR)/Pods-DiageoOnTrade-checkManifestLockResult.txt",
			);
			runOnlyForDeploymentPostprocessing = 0;
			shellPath = /bin/sh;
			shellScript = "diff \"${PODS_PODFILE_DIR_PATH}/Podfile.lock\" \"${PODS_ROOT}/Manifest.lock\" > /dev/null\nif [ $? != 0 ] ; then\n    # print error to STDERR\n    echo \"error: The sandbox is not in sync with the Podfile.lock. Run 'pod install' or update your CocoaPods installation.\" >&2\n    exit 1\nfi\n# This output is used by Xcode 'outputs' to avoid re-running this script phase.\necho \"SUCCESS\" > \"${SCRIPT_OUTPUT_FILE_0}\"\n";
			showEnvVarsInLog = 0;
		};
		B89A49E5D8478B400F678A55 /* [CP] Copy Pods Resources */ = {
			isa = PBXShellScriptBuildPhase;
			buildActionMask = 2147483647;
			files = (
			);
			inputPaths = (
				"${SRCROOT}/Pods/Target Support Files/Pods-DiageoOnTrade/Pods-DiageoOnTrade-resources.sh",
				"${PODS_ROOT}/GoogleMaps/Maps/Frameworks/GoogleMaps.framework/Resources/GoogleMaps.bundle",
			);
			name = "[CP] Copy Pods Resources";
			outputPaths = (
				"${TARGET_BUILD_DIR}/${UNLOCALIZED_RESOURCES_FOLDER_PATH}",
			);
			runOnlyForDeploymentPostprocessing = 0;
			shellPath = /bin/sh;
			shellScript = "\"${SRCROOT}/Pods/Target Support Files/Pods-DiageoOnTrade/Pods-DiageoOnTrade-resources.sh\"\n";
			showEnvVarsInLog = 0;
		};
/* End PBXShellScriptBuildPhase section */

/* Begin PBXSourcesBuildPhase section */
		BDFEAF561F8B4007008EF209 /* Sources */ = {
			isa = PBXSourcesBuildPhase;
			buildActionMask = 2147483647;
			files = (
				BDFEAF9A1F8BF6BC008EF209 /* CDCController.swift in Sources */,
				BDFEAFAB1F8BFB59008EF209 /* ReportesNoEnviadosController.swift in Sources */,
				BDFEAFAF1F8BFB59008EF209 /* VisibilidadController.swift in Sources */,
				BDFEAF831F8B545F008EF209 /* InicioController.swift in Sources */,
				BDFEAF981F8B5CFC008EF209 /* MenuController.swift in Sources */,
				BDFEAF811F8B5158008EF209 /* SWRevealViewController.m in Sources */,
				BDFEAF761F8B4F26008EF209 /* SQLSW4.swift in Sources */,
				BDFEAFB21F8BFB59008EF209 /* PromocionesController.swift in Sources */,
				BDFEAFB11F8BFB59008EF209 /* EncuestasRepeticiones.swift in Sources */,
				BDFEAFB31F8BFB59008EF209 /* ListaEncuestas.swift in Sources */,
				BDFEAFB01F8BFB59008EF209 /* EncuestaController.swift in Sources */,
				BDFEAF601F8B4007008EF209 /* ViewController.swift in Sources */,
				BDFEAFAC1F8BFB59008EF209 /* PromocionController.swift in Sources */,
				BDFEAFB61F8C0042008EF209 /* ModuloController.swift in Sources */,
				BDFEAFAD1F8BFB59008EF209 /* ReportesEnviadosController.swift in Sources */,
				BDFEAFAE1F8BFB59008EF209 /* Actualizarapp.swift in Sources */,
				BDFEAFB41F8BFB59008EF209 /* Constructor.swift in Sources */,
				BDFEAF5E1F8B4007008EF209 /* AppDelegate.swift in Sources */,
				BDFEAFAA1F8BFB59008EF209 /* ModulosController.swift in Sources */,
				BDFEAFA81F8BFB59008EF209 /* VisibilidadListaController.swift in Sources */,
				BDFEAF781F8B4F63008EF209 /* Extensiones.swift in Sources */,
				BDFEAF661F8B4008008EF209 /* DiageoOnTrade.xcdatamodeld in Sources */,
				BDFEAFA91F8BFB59008EF209 /* CambioContrasena.swift in Sources */,
				BDFEAF741F8B4C1E008EF209 /* sincronizador.swift in Sources */,
			);
			runOnlyForDeploymentPostprocessing = 0;
		};
/* End PBXSourcesBuildPhase section */

/* Begin PBXVariantGroup section */
		BDFEAF611F8B4008008EF209 /* Main.storyboard */ = {
			isa = PBXVariantGroup;
			children = (
				BDFEAF621F8B4008008EF209 /* Base */,
			);
			name = Main.storyboard;
			sourceTree = "<group>";
		};
		BDFEAF691F8B4008008EF209 /* LaunchScreen.storyboard */ = {
			isa = PBXVariantGroup;
			children = (
				BDFEAF6A1F8B4008008EF209 /* Base */,
			);
			name = LaunchScreen.storyboard;
			sourceTree = "<group>";
		};
/* End PBXVariantGroup section */

/* Begin XCBuildConfiguration section */
		BDFEAF6D1F8B4008008EF209 /* Debug */ = {
			isa = XCBuildConfiguration;
			buildSettings = {
				ALWAYS_SEARCH_USER_PATHS = NO;
				CLANG_ANALYZER_NONNULL = YES;
				CLANG_ANALYZER_NUMBER_OBJECT_CONVERSION = YES_AGGRESSIVE;
				CLANG_CXX_LANGUAGE_STANDARD = "gnu++14";
				CLANG_CXX_LIBRARY = "libc++";
				CLANG_ENABLE_MODULES = YES;
				CLANG_ENABLE_OBJC_ARC = YES;
				CLANG_WARN_BLOCK_CAPTURE_AUTORELEASING = YES;
				CLANG_WARN_BOOL_CONVERSION = YES;
				CLANG_WARN_COMMA = YES;
				CLANG_WARN_CONSTANT_CONVERSION = YES;
				CLANG_WARN_DIRECT_OBJC_ISA_USAGE = YES_ERROR;
				CLANG_WARN_DOCUMENTATION_COMMENTS = YES;
				CLANG_WARN_EMPTY_BODY = YES;
				CLANG_WARN_ENUM_CONVERSION = YES;
				CLANG_WARN_INFINITE_RECURSION = YES;
				CLANG_WARN_INT_CONVERSION = YES;
				CLANG_WARN_NON_LITERAL_NULL_CONVERSION = YES;
				CLANG_WARN_OBJC_LITERAL_CONVERSION = YES;
				CLANG_WARN_OBJC_ROOT_CLASS = YES_ERROR;
				CLANG_WARN_RANGE_LOOP_ANALYSIS = YES;
				CLANG_WARN_STRICT_PROTOTYPES = YES;
				CLANG_WARN_SUSPICIOUS_MOVE = YES;
				CLANG_WARN_UNGUARDED_AVAILABILITY = YES_AGGRESSIVE;
				CLANG_WARN_UNREACHABLE_CODE = YES;
				CLANG_WARN__DUPLICATE_METHOD_MATCH = YES;
				CODE_SIGN_IDENTITY = "iPhone Developer";
				COPY_PHASE_STRIP = NO;
				DEBUG_INFORMATION_FORMAT = dwarf;
				ENABLE_STRICT_OBJC_MSGSEND = YES;
				ENABLE_TESTABILITY = YES;
				GCC_C_LANGUAGE_STANDARD = gnu11;
				GCC_DYNAMIC_NO_PIC = NO;
				GCC_NO_COMMON_BLOCKS = YES;
				GCC_OPTIMIZATION_LEVEL = 0;
				GCC_PREPROCESSOR_DEFINITIONS = (
					"DEBUG=1",
					"$(inherited)",
				);
				GCC_WARN_64_TO_32_BIT_CONVERSION = YES;
				GCC_WARN_ABOUT_RETURN_TYPE = YES_ERROR;
				GCC_WARN_UNDECLARED_SELECTOR = YES;
				GCC_WARN_UNINITIALIZED_AUTOS = YES_AGGRESSIVE;
				GCC_WARN_UNUSED_FUNCTION = YES;
				GCC_WARN_UNUSED_VARIABLE = YES;
				IPHONEOS_DEPLOYMENT_TARGET = 11.0;
				MTL_ENABLE_DEBUG_INFO = YES;
				ONLY_ACTIVE_ARCH = YES;
				SDKROOT = iphoneos;
				SWIFT_ACTIVE_COMPILATION_CONDITIONS = DEBUG;
				SWIFT_OPTIMIZATION_LEVEL = "-Onone";
			};
			name = Debug;
		};
		BDFEAF6E1F8B4008008EF209 /* Release */ = {
			isa = XCBuildConfiguration;
			buildSettings = {
				ALWAYS_SEARCH_USER_PATHS = NO;
				CLANG_ANALYZER_NONNULL = YES;
				CLANG_ANALYZER_NUMBER_OBJECT_CONVERSION = YES_AGGRESSIVE;
				CLANG_CXX_LANGUAGE_STANDARD = "gnu++14";
				CLANG_CXX_LIBRARY = "libc++";
				CLANG_ENABLE_MODULES = YES;
				CLANG_ENABLE_OBJC_ARC = YES;
				CLANG_WARN_BLOCK_CAPTURE_AUTORELEASING = YES;
				CLANG_WARN_BOOL_CONVERSION = YES;
				CLANG_WARN_COMMA = YES;
				CLANG_WARN_CONSTANT_CONVERSION = YES;
				CLANG_WARN_DIRECT_OBJC_ISA_USAGE = YES_ERROR;
				CLANG_WARN_DOCUMENTATION_COMMENTS = YES;
				CLANG_WARN_EMPTY_BODY = YES;
				CLANG_WARN_ENUM_CONVERSION = YES;
				CLANG_WARN_INFINITE_RECURSION = YES;
				CLANG_WARN_INT_CONVERSION = YES;
				CLANG_WARN_NON_LITERAL_NULL_CONVERSION = YES;
				CLANG_WARN_OBJC_LITERAL_CONVERSION = YES;
				CLANG_WARN_OBJC_ROOT_CLASS = YES_ERROR;
				CLANG_WARN_RANGE_LOOP_ANALYSIS = YES;
				CLANG_WARN_STRICT_PROTOTYPES = YES;
				CLANG_WARN_SUSPICIOUS_MOVE = YES;
				CLANG_WARN_UNGUARDED_AVAILABILITY = YES_AGGRESSIVE;
				CLANG_WARN_UNREACHABLE_CODE = YES;
				CLANG_WARN__DUPLICATE_METHOD_MATCH = YES;
				CODE_SIGN_IDENTITY = "iPhone Developer";
				COPY_PHASE_STRIP = NO;
				DEBUG_INFORMATION_FORMAT = "dwarf-with-dsym";
				ENABLE_NS_ASSERTIONS = NO;
				ENABLE_STRICT_OBJC_MSGSEND = YES;
				GCC_C_LANGUAGE_STANDARD = gnu11;
				GCC_NO_COMMON_BLOCKS = YES;
				GCC_WARN_64_TO_32_BIT_CONVERSION = YES;
				GCC_WARN_ABOUT_RETURN_TYPE = YES_ERROR;
				GCC_WARN_UNDECLARED_SELECTOR = YES;
				GCC_WARN_UNINITIALIZED_AUTOS = YES_AGGRESSIVE;
				GCC_WARN_UNUSED_FUNCTION = YES;
				GCC_WARN_UNUSED_VARIABLE = YES;
				IPHONEOS_DEPLOYMENT_TARGET = 11.0;
				MTL_ENABLE_DEBUG_INFO = NO;
				SDKROOT = iphoneos;
				SWIFT_OPTIMIZATION_LEVEL = "-Owholemodule";
				VALIDATE_PRODUCT = YES;
			};
			name = Release;
		};
		BDFEAF701F8B4008008EF209 /* Debug */ = {
			isa = XCBuildConfiguration;
			baseConfigurationReference = 91561EE55C59439AE052A195 /* Pods-DiageoOnTrade.debug.xcconfig */;
			buildSettings = {
				ASSETCATALOG_COMPILER_APPICON_NAME = AppIcon;
				ASSETCATALOG_COMPILER_LAUNCHIMAGE_NAME = LaunchImage;
				CLANG_ENABLE_MODULES = YES;
				CODE_SIGN_STYLE = Automatic;
				DEVELOPMENT_TEAM = K6K7N36U8G;
				INFOPLIST_FILE = DiageoOnTrade/Info.plist;
				IPHONEOS_DEPLOYMENT_TARGET = 10.3;
				LD_RUNPATH_SEARCH_PATHS = "$(inherited) @executable_path/Frameworks";
				PRODUCT_BUNDLE_IDENTIFIER = "net.go-sharp.DiageoOnTrade";
				PRODUCT_NAME = "$(TARGET_NAME)";
				SWIFT_OBJC_BRIDGING_HEADER = "DiageoOnTrade/Object-C/DiageoOnTrade-Bridging-Header.h";
				SWIFT_OPTIMIZATION_LEVEL = "-Onone";
				SWIFT_VERSION = 4.0;
				TARGETED_DEVICE_FAMILY = 1;
			};
			name = Debug;
		};
		BDFEAF711F8B4008008EF209 /* Release */ = {
			isa = XCBuildConfiguration;
			baseConfigurationReference = FB8DD93314C86A72A512F850 /* Pods-DiageoOnTrade.release.xcconfig */;
			buildSettings = {
				ASSETCATALOG_COMPILER_APPICON_NAME = AppIcon;
				ASSETCATALOG_COMPILER_LAUNCHIMAGE_NAME = LaunchImage;
				CLANG_ENABLE_MODULES = YES;
				CODE_SIGN_STYLE = Automatic;
				DEVELOPMENT_TEAM = K6K7N36U8G;
				INFOPLIST_FILE = DiageoOnTrade/Info.plist;
				IPHONEOS_DEPLOYMENT_TARGET = 10.3;
				LD_RUNPATH_SEARCH_PATHS = "$(inherited) @executable_path/Frameworks";
				PRODUCT_BUNDLE_IDENTIFIER = "net.go-sharp.DiageoOnTrade";
				PRODUCT_NAME = "$(TARGET_NAME)";
				SWIFT_OBJC_BRIDGING_HEADER = "DiageoOnTrade/Object-C/DiageoOnTrade-Bridging-Header.h";
				SWIFT_VERSION = 4.0;
				TARGETED_DEVICE_FAMILY = 1;
			};
			name = Release;
		};
/* End XCBuildConfiguration section */

/* Begin XCConfigurationList section */
		BDFEAF551F8B4006008EF209 /* Build configuration list for PBXProject "DiageoOnTrade" */ = {
			isa = XCConfigurationList;
			buildConfigurations = (
				BDFEAF6D1F8B4008008EF209 /* Debug */,
				BDFEAF6E1F8B4008008EF209 /* Release */,
			);
			defaultConfigurationIsVisible = 0;
			defaultConfigurationName = Release;
		};
		BDFEAF6F1F8B4008008EF209 /* Build configuration list for PBXNativeTarget "DiageoOnTrade" */ = {
			isa = XCConfigurationList;
			buildConfigurations = (
				BDFEAF701F8B4008008EF209 /* Debug */,
				BDFEAF711F8B4008008EF209 /* Release */,
			);
			defaultConfigurationIsVisible = 0;
			defaultConfigurationName = Release;
		};
/* End XCConfigurationList section */

/* Begin XCVersionGroup section */
		BDFEAF641F8B4008008EF209 /* DiageoOnTrade.xcdatamodeld */ = {
			isa = XCVersionGroup;
			children = (
				BDFEAF651F8B4008008EF209 /* DiageoOnTrade.xcdatamodel */,
			);
			currentVersion = BDFEAF651F8B4008008EF209 /* DiageoOnTrade.xcdatamodel */;
			path = DiageoOnTrade.xcdatamodeld;
			sourceTree = "<group>";
			versionGroupType = wrapper.xcdatamodel;
		};
/* End XCVersionGroup section */
	};
	rootObject = BDFEAF521F8B4006008EF209 /* Project object */;
}
